
Microsoft Visual Studio Solution File, Format Version 12.00
# Visual Studio Version 17
VisualStudioVersion = 17.13.35825.156
MinimumVisualStudioVersion = 10.0.40219.1
Project("{FAE04EC0-301F-11D3-BF4B-00C04F79EFBC}") = "MyWebApi", "MyWebApi\MyWebApi.csproj", "{9FD9D5DA-0C04-4733-8E79-DD9FCC2A4E78}"
EndProject
Project("{FAE04EC0-301F-11D3-BF4B-00C04F79EFBC}") = "MyWebApi.Tests", "MyWebApi.Tests\MyWebApi.Tests.csproj", "{65BF9C78-5CE9-475C-81EB-B66D7F3334CC}"
EndProject
Global
	GlobalSection(SolutionConfigurationPlatforms) = preSolution
		Debug|Any CPU = Debug|Any CPU
		Release|Any CPU = Release|Any CPU
	EndGlobalSection
	GlobalSection(ProjectConfigurationPlatforms) = postSolution
		{9FD9D5DA-0C04-4733-8E79-DD9FCC2A4E78}.Debug|Any CPU.ActiveCfg = Debug|Any CPU
		{9FD9D5DA-0C04-4733-8E79-DD9FCC2A4E78}.Debug|Any CPU.Build.0 = Debug|Any CPU
		{9FD9D5DA-0C04-4733-8E79-DD9FCC2A4E78}.Release|Any CPU.ActiveCfg = Release|Any CPU
		{9FD9D5DA-0C04-4733-8E79-DD9FCC2A4E78}.Release|Any CPU.Build.0 = Release|Any CPU
		{65BF9C78-5CE9-475C-81EB-B66D7F3334CC}.Debug|Any CPU.ActiveCfg = Debug|Any CPU
		{65BF9C78-5CE9-475C-81EB-B66D7F3334CC}.Debug|Any CPU.Build.0 = Debug|Any CPU
		{65BF9C78-5CE9-475C-81EB-B66D7F3334CC}.Release|Any CPU.ActiveCfg = Release|Any CPU
		{65BF9C78-5CE9-475C-81EB-B66D7F3334CC}.Release|Any CPU.Build.0 = Release|Any CPU
	EndGlobalSection
	GlobalSection(SolutionProperties) = preSolution
		HideSolutionNode = FALSE
	EndGlobalSection
	GlobalSection(ExtensibilityGlobals) = postSolution
		SolutionGuid = {EB33E528-2362-4410-A2BF-46A19402C601}
	EndGlobalSection
EndGlobal
